Microsoft Visual Studio Solution File, Format Version 12.00
# Visual Studio 15
VisualStudioVersion = 15.0.26430.6
MinimumVisualStudioVersion = 10.0.40219.1
Project("{FAE04EC0-301F-11D3-BF4B-00C04F79EFBC}") = "SampleTest", "SampleTest\SampleTest.csproj", "{243E2C90-F465-4A6E-9063-8F2C138015C7}"
EndProject
Project("{FAE04EC0-301F-11D3-BF4B-00C04F79EFBC}") = "OpGenerator", "OpGenerator\OpGenerator.csproj", "{700E5928-3D5D-4B54-AD4D-BC48E79E389E}"
EndProject
Project("{FAE04EC0-301F-11D3-BF4B-00C04F79EFBC}") = "Learn", "Learn\Learn.csproj", "{20567EDE-7C20-4734-B489-C6D303843105}"
EndProject
Project("{FAE04EC0-301F-11D3-BF4B-00C04F79EFBC}") = "ExampleInceptionInference", "Examples\ExampleInceptionInference\ExampleInceptionInference.csproj", "{069A6736-7711-4805-8660-A267E713BC54}"
EndProject
Project("{2150E333-8FDC-42A3-9474-1A3956D46DE8}") = "Examples", "Examples", "{674EC1D7-9649-462E-A7A8-93D0DE84FE64}"
EndProject
Project("{2150E333-8FDC-42A3-9474-1A3956D46DE8}") = "Tests", "Tests", "{20AF6B79-D9AF-42EB-A953-8E4039824D43}"
EndProject
Project("{FAE04EC0-301F-11D3-BF4B-00C04F79EFBC}") = "TensorFlowSharp", "TensorFlowSharp\TensorFlowSharp.csproj", "{67F9D3A8-F71E-4428-913F-C37AE82CDB24}"
EndProject
Project("{FAE04EC0-301F-11D3-BF4B-00C04F79EFBC}") = "AndroidTests", "AndroidTests\AndroidTests.csproj", "{168FCD67-DF92-4905-A8F3-230856F9628E}"
EndProject
Project("{FAE04EC0-301F-11D3-BF4B-00C04F79EFBC}") = "TensorFlowSharp.Android", "TensorFlowSharp.Android\TensorFlowSharp.Android.csproj", "{8D36690C-0079-4A33-915D-68D98B9A7117}"
EndProject
Project("{FAE04EC0-301F-11D3-BF4B-00C04F79EFBC}") = "TensorFlowSharp.Windows", "TensorFlowSharp.Windows\TensorFlowSharp.Windows.csproj", "{9A5FC834-A8DF-4410-A21D-CF60B4FCACB7}"
EndProject
Project("{FAE04EC0-301F-11D3-BF4B-00C04F79EFBC}") = "TensorFlowSharp.Tests", "TensorFlowSharp.Tests\TensorFlowSharp.Tests.csproj", "{F710D1C4-0C47-4F51-AA52-C20BFBE49E19}"
EndProject
Global
	GlobalSection(SolutionConfigurationPlatforms) = preSolution
		Debug|Any CPU = Debug|Any CPU
		Debug|TensorFlowSharp = Debug|TensorFlowSharp
		Release|Any CPU = Release|Any CPU
		Release|TensorFlowSharp = Release|TensorFlowSharp
	EndGlobalSection
	GlobalSection(ProjectConfigurationPlatforms) = postSolution
		{243E2C90-F465-4A6E-9063-8F2C138015C7}.Debug|Any CPU.ActiveCfg = Debug|Any CPU
		{243E2C90-F465-4A6E-9063-8F2C138015C7}.Debug|Any CPU.Build.0 = Debug|Any CPU
		{243E2C90-F465-4A6E-9063-8F2C138015C7}.Debug|TensorFlowSharp.ActiveCfg = Debug|x64
		{243E2C90-F465-4A6E-9063-8F2C138015C7}.Debug|TensorFlowSharp.Build.0 = Debug|x64
		{243E2C90-F465-4A6E-9063-8F2C138015C7}.Release|Any CPU.ActiveCfg = Release|Any CPU
		{243E2C90-F465-4A6E-9063-8F2C138015C7}.Release|Any CPU.Build.0 = Release|Any CPU
		{243E2C90-F465-4A6E-9063-8F2C138015C7}.Release|TensorFlowSharp.ActiveCfg = Release|Any CPU
		{243E2C90-F465-4A6E-9063-8F2C138015C7}.Release|TensorFlowSharp.Build.0 = Release|Any CPU
		{700E5928-3D5D-4B54-AD4D-BC48E79E389E}.Debug|Any CPU.ActiveCfg = Debug|Any CPU
		{700E5928-3D5D-4B54-AD4D-BC48E79E389E}.Debug|Any CPU.Build.0 = Debug|Any CPU
		{700E5928-3D5D-4B54-AD4D-BC48E79E389E}.Debug|TensorFlowSharp.ActiveCfg = Debug|x64
		{700E5928-3D5D-4B54-AD4D-BC48E79E389E}.Debug|TensorFlowSharp.Build.0 = Debug|x64
		{700E5928-3D5D-4B54-AD4D-BC48E79E389E}.Release|Any CPU.ActiveCfg = Release|Any CPU
		{700E5928-3D5D-4B54-AD4D-BC48E79E389E}.Release|Any CPU.Build.0 = Release|Any CPU
		{700E5928-3D5D-4B54-AD4D-BC48E79E389E}.Release|TensorFlowSharp.ActiveCfg = Release|Any CPU
		{700E5928-3D5D-4B54-AD4D-BC48E79E389E}.Release|TensorFlowSharp.Build.0 = Release|Any CPU
		{20567EDE-7C20-4734-B489-C6D303843105}.Debug|Any CPU.ActiveCfg = Debug|Any CPU
		{20567EDE-7C20-4734-B489-C6D303843105}.Debug|Any CPU.Build.0 = Debug|Any CPU
		{20567EDE-7C20-4734-B489-C6D303843105}.Debug|TensorFlowSharp.ActiveCfg = Debug|x64
		{20567EDE-7C20-4734-B489-C6D303843105}.Debug|TensorFlowSharp.Build.0 = Debug|x64
		{20567EDE-7C20-4734-B489-C6D303843105}.Release|Any CPU.ActiveCfg = Release|Any CPU
		{20567EDE-7C20-4734-B489-C6D303843105}.Release|Any CPU.Build.0 = Release|Any CPU
		{20567EDE-7C20-4734-B489-C6D303843105}.Release|TensorFlowSharp.ActiveCfg = Release|Any CPU
		{20567EDE-7C20-4734-B489-C6D303843105}.Release|TensorFlowSharp.Build.0 = Release|Any CPU
		{069A6736-7711-4805-8660-A267E713BC54}.Debug|Any CPU.ActiveCfg = Debug|Any CPU
		{069A6736-7711-4805-8660-A267E713BC54}.Debug|Any CPU.Build.0 = Debug|Any CPU
		{069A6736-7711-4805-8660-A267E713BC54}.Debug|TensorFlowSharp.ActiveCfg = Debug|x64
		{069A6736-7711-4805-8660-A267E713BC54}.Debug|TensorFlowSharp.Build.0 = Debug|x64
		{069A6736-7711-4805-8660-A267E713BC54}.Release|Any CPU.ActiveCfg = Release|Any CPU
		{069A6736-7711-4805-8660-A267E713BC54}.Release|Any CPU.Build.0 = Release|Any CPU
		{069A6736-7711-4805-8660-A267E713BC54}.Release|TensorFlowSharp.ActiveCfg = Release|x64
		{069A6736-7711-4805-8660-A267E713BC54}.Release|TensorFlowSharp.Build.0 = Release|x64
		{67F9D3A8-F71E-4428-913F-C37AE82CDB24}.Debug|Any CPU.ActiveCfg = Debug|Any CPU
		{67F9D3A8-F71E-4428-913F-C37AE82CDB24}.Debug|Any CPU.Build.0 = Debug|Any CPU
		{67F9D3A8-F71E-4428-913F-C37AE82CDB24}.Debug|TensorFlowSharp.ActiveCfg = Debug|Any CPU
		{67F9D3A8-F71E-4428-913F-C37AE82CDB24}.Debug|TensorFlowSharp.Build.0 = Debug|Any CPU
		{67F9D3A8-F71E-4428-913F-C37AE82CDB24}.Release|Any CPU.ActiveCfg = Release|Any CPU
		{67F9D3A8-F71E-4428-913F-C37AE82CDB24}.Release|Any CPU.Build.0 = Release|Any CPU
		{67F9D3A8-F71E-4428-913F-C37AE82CDB24}.Release|TensorFlowSharp.ActiveCfg = Release|Any CPU
		{67F9D3A8-F71E-4428-913F-C37AE82CDB24}.Release|TensorFlowSharp.Build.0 = Release|Any CPU
		{168FCD67-DF92-4905-A8F3-230856F9628E}.Debug|Any CPU.ActiveCfg = Debug|Any CPU
		{168FCD67-DF92-4905-A8F3-230856F9628E}.Debug|Any CPU.Build.0 = Debug|Any CPU
		{168FCD67-DF92-4905-A8F3-230856F9628E}.Debug|Any CPU.Deploy.0 = Debug|Any CPU
		{168FCD67-DF92-4905-A8F3-230856F9628E}.Debug|TensorFlowSharp.ActiveCfg = Debug|Any CPU
		{168FCD67-DF92-4905-A8F3-230856F9628E}.Debug|TensorFlowSharp.Build.0 = Debug|Any CPU
		{168FCD67-DF92-4905-A8F3-230856F9628E}.Debug|TensorFlowSharp.Deploy.0 = Debug|Any CPU
		{168FCD67-DF92-4905-A8F3-230856F9628E}.Release|Any CPU.ActiveCfg = Release|Any CPU
		{168FCD67-DF92-4905-A8F3-230856F9628E}.Release|Any CPU.Build.0 = Release|Any CPU
		{168FCD67-DF92-4905-A8F3-230856F9628E}.Release|Any CPU.Deploy.0 = Release|Any CPU
		{168FCD67-DF92-4905-A8F3-230856F9628E}.Release|TensorFlowSharp.ActiveCfg = Release|Any CPU
		{168FCD67-DF92-4905-A8F3-230856F9628E}.Release|TensorFlowSharp.Build.0 = Release|Any CPU
		{168FCD67-DF92-4905-A8F3-230856F9628E}.Release|TensorFlowSharp.Deploy.0 = Release|Any CPU
		{8D36690C-0079-4A33-915D-68D98B9A7117}.Debug|Any CPU.ActiveCfg = Debug|Any CPU
		{8D36690C-0079-4A33-915D-68D98B9A7117}.Debug|Any CPU.Build.0 = Debug|Any CPU
		{8D36690C-0079-4A33-915D-68D98B9A7117}.Debug|TensorFlowSharp.ActiveCfg = Debug|Any CPU
		{8D36690C-0079-4A33-915D-68D98B9A7117}.Debug|TensorFlowSharp.Build.0 = Debug|Any CPU
		{8D36690C-0079-4A33-915D-68D98B9A7117}.Release|Any CPU.ActiveCfg = Release|Any CPU
		{8D36690C-0079-4A33-915D-68D98B9A7117}.Release|Any CPU.Build.0 = Release|Any CPU
		{8D36690C-0079-4A33-915D-68D98B9A7117}.Release|TensorFlowSharp.ActiveCfg = Release|Any CPU
		{8D36690C-0079-4A33-915D-68D98B9A7117}.Release|TensorFlowSharp.Build.0 = Release|Any CPU
		{9A5FC834-A8DF-4410-A21D-CF60B4FCACB7}.Debug|Any CPU.ActiveCfg = Debug|Any CPU
		{9A5FC834-A8DF-4410-A21D-CF60B4FCACB7}.Debug|Any CPU.Build.0 = Debug|Any CPU
		{9A5FC834-A8DF-4410-A21D-CF60B4FCACB7}.Debug|TensorFlowSharp.ActiveCfg = Debug|x64
		{9A5FC834-A8DF-4410-A21D-CF60B4FCACB7}.Debug|TensorFlowSharp.Build.0 = Debug|x64
		{9A5FC834-A8DF-4410-A21D-CF60B4FCACB7}.Release|Any CPU.ActiveCfg = Release|Any CPU
		{9A5FC834-A8DF-4410-A21D-CF60B4FCACB7}.Release|Any CPU.Build.0 = Release|Any CPU
		{9A5FC834-A8DF-4410-A21D-CF60B4FCACB7}.Release|TensorFlowSharp.ActiveCfg = Release|Any CPU
		{9A5FC834-A8DF-4410-A21D-CF60B4FCACB7}.Release|TensorFlowSharp.Build.0 = Release|Any CPU
		{F710D1C4-0C47-4F51-AA52-C20BFBE49E19}.Debug|Any CPU.ActiveCfg = Debug|Any CPU
		{F710D1C4-0C47-4F51-AA52-C20BFBE49E19}.Debug|Any CPU.Build.0 = Debug|Any CPU
		{F710D1C4-0C47-4F51-AA52-C20BFBE49E19}.Debug|TensorFlowSharp.ActiveCfg = Debug|x64
		{F710D1C4-0C47-4F51-AA52-C20BFBE49E19}.Debug|TensorFlowSharp.Build.0 = Debug|x64
		{F710D1C4-0C47-4F51-AA52-C20BFBE49E19}.Release|Any CPU.ActiveCfg = Release|Any CPU
		{F710D1C4-0C47-4F51-AA52-C20BFBE49E19}.Release|Any CPU.Build.0 = Release|Any CPU
		{F710D1C4-0C47-4F51-AA52-C20BFBE49E19}.Release|TensorFlowSharp.ActiveCfg = Release|Any CPU
		{F710D1C4-0C47-4F51-AA52-C20BFBE49E19}.Release|TensorFlowSharp.Build.0 = Release|Any CPU
	EndGlobalSection
	GlobalSection(SolutionProperties) = preSolution
		HideSolutionNode = FALSE
	EndGlobalSection
	GlobalSection(NestedProjects) = preSolution
		{243E2C90-F465-4A6E-9063-8F2C138015C7} = {20AF6B79-D9AF-42EB-A953-8E4039824D43}
		{20567EDE-7C20-4734-B489-C6D303843105} = {20AF6B79-D9AF-42EB-A953-8E4039824D43}
		{069A6736-7711-4805-8660-A267E713BC54} = {674EC1D7-9649-462E-A7A8-93D0DE84FE64}
		{168FCD67-DF92-4905-A8F3-230856F9628E} = {20AF6B79-D9AF-42EB-A953-8E4039824D43}
		{F710D1C4-0C47-4F51-AA52-C20BFBE49E19} = {20AF6B79-D9AF-42EB-A953-8E4039824D43}
	EndGlobalSection
	GlobalSection(MonoDevelopProperties) = preSolution
		Policies = $0
		$0.DotNetNamingPolicy = $1
		$1.DirectoryNamespaceAssociation = PrefixedHierarchical
		$1.ResourceNamePolicy = FileFormatDefault
		$0.TextStylePolicy = $2
		$2.scope = text/x-csharp
		$2.inheritsSet = Mono
		$2.inheritsScope = text/plain
		$0.CSharpFormattingPolicy = $3
		$3.scope = text/x-csharp
		$3.inheritsSet = Mono
		$3.inheritsScope = text/x-csharp
		version = 0.2
	EndGlobalSection
EndGlobal
