Microsoft Visual Studio Solution File, Format Version 12.00
# Visual Studio 15
VisualStudioVersion = 15.0.26430.12
MinimumVisualStudioVersion = 10.0.40219.1
Project("{FAE04EC0-301F-11D3-BF4B-00C04F79EFBC}") = "OpGenerator", "OpGenerator\OpGenerator.csproj", "{700E5928-3D5D-4B54-AD4D-BC48E79E389E}"
EndProject
Project("{FAE04EC0-301F-11D3-BF4B-00C04F79EFBC}") = "Learn", "Learn\Learn.csproj", "{20567EDE-7C20-4734-B489-C6D303843105}"
EndProject
Project("{FAE04EC0-301F-11D3-BF4B-00C04F79EFBC}") = "ExampleInceptionInference", "Examples\ExampleInceptionInference\ExampleInceptionInference.csproj", "{069A6736-7711-4805-8660-A267E713BC54}"
EndProject
Project("{2150E333-8FDC-42A3-9474-1A3956D46DE8}") = "Examples", "Examples", "{674EC1D7-9649-462E-A7A8-93D0DE84FE64}"
EndProject
Project("{2150E333-8FDC-42A3-9474-1A3956D46DE8}") = "Tests", "Tests", "{20AF6B79-D9AF-42EB-A953-8E4039824D43}"
EndProject
Project("{FAE04EC0-301F-11D3-BF4B-00C04F79EFBC}") = "TensorFlowSharp", "TensorFlowSharp\TensorFlowSharp.csproj", "{A6E9A29F-E57F-42AA-824C-9581B2783E5F}"
EndProject
Project("{FAE04EC0-301F-11D3-BF4B-00C04F79EFBC}") = "AndroidTests", "AndroidTests\AndroidTests.csproj", "{168FCD67-DF92-4905-A8F3-230856F9628E}"
EndProject
Project("{FAE04EC0-301F-11D3-BF4B-00C04F79EFBC}") = "TensorFlowSharp.Android", "TensorFlowSharp.Android\TensorFlowSharp.Android.csproj", "{8D36690C-0079-4A33-915D-68D98B9A7117}"
EndProject
Project("{FAE04EC0-301F-11D3-BF4B-00C04F79EFBC}") = "TensorFlowSharp.Windows", "TensorFlowSharp.Windows\TensorFlowSharp.Windows.csproj", "{9A5FC834-A8DF-4410-A21D-CF60B4FCACB7}"
EndProject
Project("{FAE04EC0-301F-11D3-BF4B-00C04F79EFBC}") = "TensorFlowSharp.Tests", "TensorFlowSharp.Tests\TensorFlowSharp.Tests.csproj", "{F710D1C4-0C47-4F51-AA52-C20BFBE49E19}"
EndProject
Project("{FAE04EC0-301F-11D3-BF4B-00C04F79EFBC}") = "TensorFlowSharp.Tests.UWP", "TensorFlowSharp.Tests.UWP\TensorFlowSharp.Tests.UWP.csproj", "{69A8153D-4BA4-41DE-BB1E-C9F473FFD185}"
EndProject
Project("{FAE04EC0-301F-11D3-BF4B-00C04F79EFBC}") = "TensorFlowSharp.UWP", "TensorFlowSharp.UWP\TensorFlowSharp.UWP.csproj", "{53852C57-3554-4A03-96DD-A2C993CE045C}"
EndProject
Project("{FAE04EC0-301F-11D3-BF4B-00C04F79EFBC}") = "Tensorflow.AndroidClass", "Tensorflow.AndroidClass\Tensorflow.AndroidClass.csproj", "{D99DC2CB-105E-4E36-B2E9-81B76C209815}"
	ProjectSection(ProjectDependencies) = postProject
		{A6E9A29F-E57F-42AA-824C-9581B2783E5F} = {A6E9A29F-E57F-42AA-824C-9581B2783E5F}
	EndProjectSection
EndProject
Global
	GlobalSection(SolutionConfigurationPlatforms) = preSolution
		Debug|Any CPU = Debug|Any CPU
		Debug|ARM = Debug|ARM
		Debug|TensorFlowSharp = Debug|TensorFlowSharp
		Debug|x64 = Debug|x64
		Debug|x86 = Debug|x86
		Release|Any CPU = Release|Any CPU
		Release|ARM = Release|ARM
		Release|TensorFlowSharp = Release|TensorFlowSharp
		Release|x64 = Release|x64
		Release|x86 = Release|x86
	EndGlobalSection
	GlobalSection(ProjectConfigurationPlatforms) = postSolution
		{700E5928-3D5D-4B54-AD4D-BC48E79E389E}.Debug|Any CPU.ActiveCfg = Debug|Any CPU
		{700E5928-3D5D-4B54-AD4D-BC48E79E389E}.Debug|Any CPU.Build.0 = Debug|Any CPU
		{700E5928-3D5D-4B54-AD4D-BC48E79E389E}.Debug|ARM.ActiveCfg = Debug|Any CPU
		{700E5928-3D5D-4B54-AD4D-BC48E79E389E}.Debug|ARM.Build.0 = Debug|Any CPU
		{700E5928-3D5D-4B54-AD4D-BC48E79E389E}.Debug|TensorFlowSharp.ActiveCfg = Debug|x64
		{700E5928-3D5D-4B54-AD4D-BC48E79E389E}.Debug|TensorFlowSharp.Build.0 = Debug|x64
		{700E5928-3D5D-4B54-AD4D-BC48E79E389E}.Debug|x64.ActiveCfg = Debug|x64
		{700E5928-3D5D-4B54-AD4D-BC48E79E389E}.Debug|x64.Build.0 = Debug|x64
		{700E5928-3D5D-4B54-AD4D-BC48E79E389E}.Debug|x86.ActiveCfg = Debug|Any CPU
		{700E5928-3D5D-4B54-AD4D-BC48E79E389E}.Debug|x86.Build.0 = Debug|Any CPU
		{700E5928-3D5D-4B54-AD4D-BC48E79E389E}.Release|Any CPU.ActiveCfg = Release|Any CPU
		{700E5928-3D5D-4B54-AD4D-BC48E79E389E}.Release|Any CPU.Build.0 = Release|Any CPU
		{700E5928-3D5D-4B54-AD4D-BC48E79E389E}.Release|ARM.ActiveCfg = Release|Any CPU
		{700E5928-3D5D-4B54-AD4D-BC48E79E389E}.Release|ARM.Build.0 = Release|Any CPU
		{700E5928-3D5D-4B54-AD4D-BC48E79E389E}.Release|TensorFlowSharp.ActiveCfg = Release|Any CPU
		{700E5928-3D5D-4B54-AD4D-BC48E79E389E}.Release|TensorFlowSharp.Build.0 = Release|Any CPU
		{700E5928-3D5D-4B54-AD4D-BC48E79E389E}.Release|x64.ActiveCfg = Release|x64
		{700E5928-3D5D-4B54-AD4D-BC48E79E389E}.Release|x64.Build.0 = Release|x64
		{700E5928-3D5D-4B54-AD4D-BC48E79E389E}.Release|x86.ActiveCfg = Release|Any CPU
		{700E5928-3D5D-4B54-AD4D-BC48E79E389E}.Release|x86.Build.0 = Release|Any CPU
		{20567EDE-7C20-4734-B489-C6D303843105}.Debug|Any CPU.ActiveCfg = Debug|x64
		{20567EDE-7C20-4734-B489-C6D303843105}.Debug|Any CPU.Build.0 = Debug|x64
		{20567EDE-7C20-4734-B489-C6D303843105}.Debug|ARM.ActiveCfg = Debug|Any CPU
		{20567EDE-7C20-4734-B489-C6D303843105}.Debug|ARM.Build.0 = Debug|Any CPU
		{20567EDE-7C20-4734-B489-C6D303843105}.Debug|TensorFlowSharp.ActiveCfg = Debug|x64
		{20567EDE-7C20-4734-B489-C6D303843105}.Debug|TensorFlowSharp.Build.0 = Debug|x64
		{20567EDE-7C20-4734-B489-C6D303843105}.Debug|x64.ActiveCfg = Debug|x64
		{20567EDE-7C20-4734-B489-C6D303843105}.Debug|x64.Build.0 = Debug|x64
		{20567EDE-7C20-4734-B489-C6D303843105}.Debug|x86.ActiveCfg = Debug|Any CPU
		{20567EDE-7C20-4734-B489-C6D303843105}.Debug|x86.Build.0 = Debug|Any CPU
		{20567EDE-7C20-4734-B489-C6D303843105}.Release|Any CPU.ActiveCfg = Release|Any CPU
		{20567EDE-7C20-4734-B489-C6D303843105}.Release|Any CPU.Build.0 = Release|Any CPU
		{20567EDE-7C20-4734-B489-C6D303843105}.Release|ARM.ActiveCfg = Release|Any CPU
		{20567EDE-7C20-4734-B489-C6D303843105}.Release|ARM.Build.0 = Release|Any CPU
		{20567EDE-7C20-4734-B489-C6D303843105}.Release|TensorFlowSharp.ActiveCfg = Release|Any CPU
		{20567EDE-7C20-4734-B489-C6D303843105}.Release|TensorFlowSharp.Build.0 = Release|Any CPU
		{20567EDE-7C20-4734-B489-C6D303843105}.Release|x64.ActiveCfg = Release|x64
		{20567EDE-7C20-4734-B489-C6D303843105}.Release|x64.Build.0 = Release|x64
		{20567EDE-7C20-4734-B489-C6D303843105}.Release|x86.ActiveCfg = Release|Any CPU
		{20567EDE-7C20-4734-B489-C6D303843105}.Release|x86.Build.0 = Release|Any CPU
		{069A6736-7711-4805-8660-A267E713BC54}.Debug|Any CPU.ActiveCfg = Debug|x64
		{069A6736-7711-4805-8660-A267E713BC54}.Debug|Any CPU.Build.0 = Debug|x64
		{069A6736-7711-4805-8660-A267E713BC54}.Debug|ARM.ActiveCfg = Debug|Any CPU
		{069A6736-7711-4805-8660-A267E713BC54}.Debug|ARM.Build.0 = Debug|Any CPU
		{069A6736-7711-4805-8660-A267E713BC54}.Debug|TensorFlowSharp.ActiveCfg = Debug|x64
		{069A6736-7711-4805-8660-A267E713BC54}.Debug|TensorFlowSharp.Build.0 = Debug|x64
		{069A6736-7711-4805-8660-A267E713BC54}.Debug|x64.ActiveCfg = Debug|x64
		{069A6736-7711-4805-8660-A267E713BC54}.Debug|x64.Build.0 = Debug|x64
		{069A6736-7711-4805-8660-A267E713BC54}.Debug|x86.ActiveCfg = Debug|Any CPU
		{069A6736-7711-4805-8660-A267E713BC54}.Debug|x86.Build.0 = Debug|Any CPU
		{069A6736-7711-4805-8660-A267E713BC54}.Release|Any CPU.ActiveCfg = Release|Any CPU
		{069A6736-7711-4805-8660-A267E713BC54}.Release|Any CPU.Build.0 = Release|Any CPU
		{069A6736-7711-4805-8660-A267E713BC54}.Release|ARM.ActiveCfg = Release|Any CPU
		{069A6736-7711-4805-8660-A267E713BC54}.Release|ARM.Build.0 = Release|Any CPU
		{069A6736-7711-4805-8660-A267E713BC54}.Release|TensorFlowSharp.ActiveCfg = Release|x64
		{069A6736-7711-4805-8660-A267E713BC54}.Release|TensorFlowSharp.Build.0 = Release|x64
		{069A6736-7711-4805-8660-A267E713BC54}.Release|x64.ActiveCfg = Release|x64
		{069A6736-7711-4805-8660-A267E713BC54}.Release|x64.Build.0 = Release|x64
		{069A6736-7711-4805-8660-A267E713BC54}.Release|x86.ActiveCfg = Release|Any CPU
		{069A6736-7711-4805-8660-A267E713BC54}.Release|x86.Build.0 = Release|Any CPU
		{A6E9A29F-E57F-42AA-824C-9581B2783E5F}.Debug|Any CPU.ActiveCfg = Debug|Any CPU
		{A6E9A29F-E57F-42AA-824C-9581B2783E5F}.Debug|Any CPU.Build.0 = Debug|Any CPU
		{A6E9A29F-E57F-42AA-824C-9581B2783E5F}.Debug|ARM.ActiveCfg = Debug|ARM
		{A6E9A29F-E57F-42AA-824C-9581B2783E5F}.Debug|ARM.Build.0 = Debug|ARM
		{A6E9A29F-E57F-42AA-824C-9581B2783E5F}.Debug|TensorFlowSharp.ActiveCfg = Debug|Any CPU
		{A6E9A29F-E57F-42AA-824C-9581B2783E5F}.Debug|TensorFlowSharp.Build.0 = Debug|Any CPU
		{A6E9A29F-E57F-42AA-824C-9581B2783E5F}.Debug|x64.ActiveCfg = Debug|x64
		{A6E9A29F-E57F-42AA-824C-9581B2783E5F}.Debug|x64.Build.0 = Debug|x64
		{A6E9A29F-E57F-42AA-824C-9581B2783E5F}.Debug|x86.ActiveCfg = Debug|Any CPU
		{A6E9A29F-E57F-42AA-824C-9581B2783E5F}.Debug|x86.Build.0 = Debug|Any CPU
		{A6E9A29F-E57F-42AA-824C-9581B2783E5F}.Release|Any CPU.ActiveCfg = Release|Any CPU
		{A6E9A29F-E57F-42AA-824C-9581B2783E5F}.Release|Any CPU.Build.0 = Release|Any CPU
		{A6E9A29F-E57F-42AA-824C-9581B2783E5F}.Release|ARM.ActiveCfg = Release|ARM
		{A6E9A29F-E57F-42AA-824C-9581B2783E5F}.Release|ARM.Build.0 = Release|ARM
		{A6E9A29F-E57F-42AA-824C-9581B2783E5F}.Release|TensorFlowSharp.ActiveCfg = Release|Any CPU
		{A6E9A29F-E57F-42AA-824C-9581B2783E5F}.Release|TensorFlowSharp.Build.0 = Release|Any CPU
		{A6E9A29F-E57F-42AA-824C-9581B2783E5F}.Release|x64.ActiveCfg = Release|x64
		{A6E9A29F-E57F-42AA-824C-9581B2783E5F}.Release|x64.Build.0 = Release|x64
		{A6E9A29F-E57F-42AA-824C-9581B2783E5F}.Release|x86.ActiveCfg = Release|Any CPU
		{A6E9A29F-E57F-42AA-824C-9581B2783E5F}.Release|x86.Build.0 = Release|Any CPU
		{168FCD67-DF92-4905-A8F3-230856F9628E}.Debug|Any CPU.ActiveCfg = Debug|Any CPU
		{168FCD67-DF92-4905-A8F3-230856F9628E}.Debug|Any CPU.Build.0 = Debug|Any CPU
		{168FCD67-DF92-4905-A8F3-230856F9628E}.Debug|Any CPU.Deploy.0 = Debug|Any CPU
		{168FCD67-DF92-4905-A8F3-230856F9628E}.Debug|ARM.ActiveCfg = Debug|Any CPU
		{168FCD67-DF92-4905-A8F3-230856F9628E}.Debug|ARM.Build.0 = Debug|Any CPU
		{168FCD67-DF92-4905-A8F3-230856F9628E}.Debug|ARM.Deploy.0 = Debug|Any CPU
		{168FCD67-DF92-4905-A8F3-230856F9628E}.Debug|TensorFlowSharp.ActiveCfg = Debug|Any CPU
		{168FCD67-DF92-4905-A8F3-230856F9628E}.Debug|TensorFlowSharp.Build.0 = Debug|Any CPU
		{168FCD67-DF92-4905-A8F3-230856F9628E}.Debug|TensorFlowSharp.Deploy.0 = Debug|Any CPU
		{168FCD67-DF92-4905-A8F3-230856F9628E}.Debug|x64.ActiveCfg = Debug|x64
		{168FCD67-DF92-4905-A8F3-230856F9628E}.Debug|x64.Build.0 = Debug|x64
		{168FCD67-DF92-4905-A8F3-230856F9628E}.Debug|x64.Deploy.0 = Debug|x64
		{168FCD67-DF92-4905-A8F3-230856F9628E}.Debug|x86.ActiveCfg = Debug|Any CPU
		{168FCD67-DF92-4905-A8F3-230856F9628E}.Debug|x86.Build.0 = Debug|Any CPU
		{168FCD67-DF92-4905-A8F3-230856F9628E}.Debug|x86.Deploy.0 = Debug|Any CPU
		{168FCD67-DF92-4905-A8F3-230856F9628E}.Release|Any CPU.ActiveCfg = Release|Any CPU
		{168FCD67-DF92-4905-A8F3-230856F9628E}.Release|Any CPU.Build.0 = Release|Any CPU
		{168FCD67-DF92-4905-A8F3-230856F9628E}.Release|Any CPU.Deploy.0 = Release|Any CPU
		{168FCD67-DF92-4905-A8F3-230856F9628E}.Release|ARM.ActiveCfg = Release|Any CPU
		{168FCD67-DF92-4905-A8F3-230856F9628E}.Release|ARM.Build.0 = Release|Any CPU
		{168FCD67-DF92-4905-A8F3-230856F9628E}.Release|ARM.Deploy.0 = Release|Any CPU
		{168FCD67-DF92-4905-A8F3-230856F9628E}.Release|TensorFlowSharp.ActiveCfg = Release|Any CPU
		{168FCD67-DF92-4905-A8F3-230856F9628E}.Release|TensorFlowSharp.Build.0 = Release|Any CPU
		{168FCD67-DF92-4905-A8F3-230856F9628E}.Release|TensorFlowSharp.Deploy.0 = Release|Any CPU
		{168FCD67-DF92-4905-A8F3-230856F9628E}.Release|x64.ActiveCfg = Release|x64
		{168FCD67-DF92-4905-A8F3-230856F9628E}.Release|x64.Build.0 = Release|x64
		{168FCD67-DF92-4905-A8F3-230856F9628E}.Release|x64.Deploy.0 = Release|x64
		{168FCD67-DF92-4905-A8F3-230856F9628E}.Release|x86.ActiveCfg = Release|Any CPU
		{168FCD67-DF92-4905-A8F3-230856F9628E}.Release|x86.Build.0 = Release|Any CPU
		{168FCD67-DF92-4905-A8F3-230856F9628E}.Release|x86.Deploy.0 = Release|Any CPU
		{8D36690C-0079-4A33-915D-68D98B9A7117}.Debug|Any CPU.ActiveCfg = Debug|Any CPU
		{8D36690C-0079-4A33-915D-68D98B9A7117}.Debug|Any CPU.Build.0 = Debug|Any CPU
		{8D36690C-0079-4A33-915D-68D98B9A7117}.Debug|ARM.ActiveCfg = Debug|Any CPU
		{8D36690C-0079-4A33-915D-68D98B9A7117}.Debug|ARM.Build.0 = Debug|Any CPU
		{8D36690C-0079-4A33-915D-68D98B9A7117}.Debug|TensorFlowSharp.ActiveCfg = Debug|Any CPU
		{8D36690C-0079-4A33-915D-68D98B9A7117}.Debug|TensorFlowSharp.Build.0 = Debug|Any CPU
		{8D36690C-0079-4A33-915D-68D98B9A7117}.Debug|x64.ActiveCfg = Debug|x64
		{8D36690C-0079-4A33-915D-68D98B9A7117}.Debug|x64.Build.0 = Debug|x64
		{8D36690C-0079-4A33-915D-68D98B9A7117}.Debug|x86.ActiveCfg = Debug|Any CPU
		{8D36690C-0079-4A33-915D-68D98B9A7117}.Debug|x86.Build.0 = Debug|Any CPU
		{8D36690C-0079-4A33-915D-68D98B9A7117}.Release|Any CPU.ActiveCfg = Release|Any CPU
		{8D36690C-0079-4A33-915D-68D98B9A7117}.Release|Any CPU.Build.0 = Release|Any CPU
		{8D36690C-0079-4A33-915D-68D98B9A7117}.Release|ARM.ActiveCfg = Release|Any CPU
		{8D36690C-0079-4A33-915D-68D98B9A7117}.Release|ARM.Build.0 = Release|Any CPU
		{8D36690C-0079-4A33-915D-68D98B9A7117}.Release|TensorFlowSharp.ActiveCfg = Release|Any CPU
		{8D36690C-0079-4A33-915D-68D98B9A7117}.Release|TensorFlowSharp.Build.0 = Release|Any CPU
		{8D36690C-0079-4A33-915D-68D98B9A7117}.Release|x64.ActiveCfg = Release|x64
		{8D36690C-0079-4A33-915D-68D98B9A7117}.Release|x64.Build.0 = Release|x64
		{8D36690C-0079-4A33-915D-68D98B9A7117}.Release|x86.ActiveCfg = Release|Any CPU
		{8D36690C-0079-4A33-915D-68D98B9A7117}.Release|x86.Build.0 = Release|Any CPU
		{9A5FC834-A8DF-4410-A21D-CF60B4FCACB7}.Debug|Any CPU.ActiveCfg = Debug|x64
		{9A5FC834-A8DF-4410-A21D-CF60B4FCACB7}.Debug|Any CPU.Build.0 = Debug|x64
		{9A5FC834-A8DF-4410-A21D-CF60B4FCACB7}.Debug|ARM.ActiveCfg = Debug|Any CPU
		{9A5FC834-A8DF-4410-A21D-CF60B4FCACB7}.Debug|ARM.Build.0 = Debug|Any CPU
		{9A5FC834-A8DF-4410-A21D-CF60B4FCACB7}.Debug|TensorFlowSharp.ActiveCfg = Debug|x64
		{9A5FC834-A8DF-4410-A21D-CF60B4FCACB7}.Debug|TensorFlowSharp.Build.0 = Debug|x64
		{9A5FC834-A8DF-4410-A21D-CF60B4FCACB7}.Debug|x64.ActiveCfg = Debug|x64
		{9A5FC834-A8DF-4410-A21D-CF60B4FCACB7}.Debug|x64.Build.0 = Debug|x64
		{9A5FC834-A8DF-4410-A21D-CF60B4FCACB7}.Debug|x86.ActiveCfg = Debug|Any CPU
		{9A5FC834-A8DF-4410-A21D-CF60B4FCACB7}.Debug|x86.Build.0 = Debug|Any CPU
		{9A5FC834-A8DF-4410-A21D-CF60B4FCACB7}.Release|Any CPU.ActiveCfg = Release|Any CPU
		{9A5FC834-A8DF-4410-A21D-CF60B4FCACB7}.Release|Any CPU.Build.0 = Release|Any CPU
		{9A5FC834-A8DF-4410-A21D-CF60B4FCACB7}.Release|ARM.ActiveCfg = Release|Any CPU
		{9A5FC834-A8DF-4410-A21D-CF60B4FCACB7}.Release|ARM.Build.0 = Release|Any CPU
		{9A5FC834-A8DF-4410-A21D-CF60B4FCACB7}.Release|TensorFlowSharp.ActiveCfg = Release|Any CPU
		{9A5FC834-A8DF-4410-A21D-CF60B4FCACB7}.Release|TensorFlowSharp.Build.0 = Release|Any CPU
		{9A5FC834-A8DF-4410-A21D-CF60B4FCACB7}.Release|x64.ActiveCfg = Release|x64
		{9A5FC834-A8DF-4410-A21D-CF60B4FCACB7}.Release|x64.Build.0 = Release|x64
		{9A5FC834-A8DF-4410-A21D-CF60B4FCACB7}.Release|x86.ActiveCfg = Release|Any CPU
		{9A5FC834-A8DF-4410-A21D-CF60B4FCACB7}.Release|x86.Build.0 = Release|Any CPU
		{F710D1C4-0C47-4F51-AA52-C20BFBE49E19}.Debug|Any CPU.ActiveCfg = Debug|x64
		{F710D1C4-0C47-4F51-AA52-C20BFBE49E19}.Debug|Any CPU.Build.0 = Debug|x64
		{F710D1C4-0C47-4F51-AA52-C20BFBE49E19}.Debug|ARM.ActiveCfg = Debug|Any CPU
		{F710D1C4-0C47-4F51-AA52-C20BFBE49E19}.Debug|ARM.Build.0 = Debug|Any CPU
		{F710D1C4-0C47-4F51-AA52-C20BFBE49E19}.Debug|TensorFlowSharp.ActiveCfg = Debug|x64
		{F710D1C4-0C47-4F51-AA52-C20BFBE49E19}.Debug|TensorFlowSharp.Build.0 = Debug|x64
		{F710D1C4-0C47-4F51-AA52-C20BFBE49E19}.Debug|x64.ActiveCfg = Debug|x64
		{F710D1C4-0C47-4F51-AA52-C20BFBE49E19}.Debug|x64.Build.0 = Debug|x64
		{F710D1C4-0C47-4F51-AA52-C20BFBE49E19}.Debug|x86.ActiveCfg = Debug|Any CPU
		{F710D1C4-0C47-4F51-AA52-C20BFBE49E19}.Debug|x86.Build.0 = Debug|Any CPU
		{F710D1C4-0C47-4F51-AA52-C20BFBE49E19}.Release|Any CPU.ActiveCfg = Release|Any CPU
		{F710D1C4-0C47-4F51-AA52-C20BFBE49E19}.Release|Any CPU.Build.0 = Release|Any CPU
		{F710D1C4-0C47-4F51-AA52-C20BFBE49E19}.Release|ARM.ActiveCfg = Release|Any CPU
		{F710D1C4-0C47-4F51-AA52-C20BFBE49E19}.Release|ARM.Build.0 = Release|Any CPU
		{F710D1C4-0C47-4F51-AA52-C20BFBE49E19}.Release|TensorFlowSharp.ActiveCfg = Release|Any CPU
		{F710D1C4-0C47-4F51-AA52-C20BFBE49E19}.Release|TensorFlowSharp.Build.0 = Release|Any CPU
		{F710D1C4-0C47-4F51-AA52-C20BFBE49E19}.Release|x64.ActiveCfg = Release|x64
		{F710D1C4-0C47-4F51-AA52-C20BFBE49E19}.Release|x64.Build.0 = Release|x64
		{F710D1C4-0C47-4F51-AA52-C20BFBE49E19}.Release|x86.ActiveCfg = Release|Any CPU
		{F710D1C4-0C47-4F51-AA52-C20BFBE49E19}.Release|x86.Build.0 = Release|Any CPU
		{69A8153D-4BA4-41DE-BB1E-C9F473FFD185}.Debug|Any CPU.ActiveCfg = Debug|x64
		{69A8153D-4BA4-41DE-BB1E-C9F473FFD185}.Debug|Any CPU.Build.0 = Debug|x64
		{69A8153D-4BA4-41DE-BB1E-C9F473FFD185}.Debug|Any CPU.Deploy.0 = Debug|x64
		{69A8153D-4BA4-41DE-BB1E-C9F473FFD185}.Debug|ARM.ActiveCfg = Debug|ARM
		{69A8153D-4BA4-41DE-BB1E-C9F473FFD185}.Debug|ARM.Build.0 = Debug|ARM
		{69A8153D-4BA4-41DE-BB1E-C9F473FFD185}.Debug|ARM.Deploy.0 = Debug|ARM
		{69A8153D-4BA4-41DE-BB1E-C9F473FFD185}.Debug|TensorFlowSharp.ActiveCfg = Debug|x86
		{69A8153D-4BA4-41DE-BB1E-C9F473FFD185}.Debug|x64.ActiveCfg = Debug|x64
		{69A8153D-4BA4-41DE-BB1E-C9F473FFD185}.Debug|x64.Build.0 = Debug|x64
		{69A8153D-4BA4-41DE-BB1E-C9F473FFD185}.Debug|x64.Deploy.0 = Debug|x64
		{69A8153D-4BA4-41DE-BB1E-C9F473FFD185}.Debug|x86.ActiveCfg = Debug|x86
		{69A8153D-4BA4-41DE-BB1E-C9F473FFD185}.Debug|x86.Build.0 = Debug|x86
		{69A8153D-4BA4-41DE-BB1E-C9F473FFD185}.Debug|x86.Deploy.0 = Debug|x86
		{69A8153D-4BA4-41DE-BB1E-C9F473FFD185}.Release|Any CPU.ActiveCfg = Release|x86
		{69A8153D-4BA4-41DE-BB1E-C9F473FFD185}.Release|ARM.ActiveCfg = Release|ARM
		{69A8153D-4BA4-41DE-BB1E-C9F473FFD185}.Release|ARM.Build.0 = Release|ARM
		{69A8153D-4BA4-41DE-BB1E-C9F473FFD185}.Release|ARM.Deploy.0 = Release|ARM
		{69A8153D-4BA4-41DE-BB1E-C9F473FFD185}.Release|TensorFlowSharp.ActiveCfg = Release|x86
		{69A8153D-4BA4-41DE-BB1E-C9F473FFD185}.Release|x64.ActiveCfg = Release|x64
		{69A8153D-4BA4-41DE-BB1E-C9F473FFD185}.Release|x64.Build.0 = Release|x64
		{69A8153D-4BA4-41DE-BB1E-C9F473FFD185}.Release|x64.Deploy.0 = Release|x64
		{69A8153D-4BA4-41DE-BB1E-C9F473FFD185}.Release|x86.ActiveCfg = Release|x86
		{69A8153D-4BA4-41DE-BB1E-C9F473FFD185}.Release|x86.Build.0 = Release|x86
		{69A8153D-4BA4-41DE-BB1E-C9F473FFD185}.Release|x86.Deploy.0 = Release|x86
		{53852C57-3554-4A03-96DD-A2C993CE045C}.Debug|Any CPU.ActiveCfg = Debug|x64
		{53852C57-3554-4A03-96DD-A2C993CE045C}.Debug|Any CPU.Build.0 = Debug|x64
		{53852C57-3554-4A03-96DD-A2C993CE045C}.Debug|ARM.ActiveCfg = Debug|ARM
		{53852C57-3554-4A03-96DD-A2C993CE045C}.Debug|ARM.Build.0 = Debug|ARM
		{53852C57-3554-4A03-96DD-A2C993CE045C}.Debug|TensorFlowSharp.ActiveCfg = Debug|Any CPU
		{53852C57-3554-4A03-96DD-A2C993CE045C}.Debug|TensorFlowSharp.Build.0 = Debug|Any CPU
		{53852C57-3554-4A03-96DD-A2C993CE045C}.Debug|x64.ActiveCfg = Debug|x64
		{53852C57-3554-4A03-96DD-A2C993CE045C}.Debug|x64.Build.0 = Debug|x64
		{53852C57-3554-4A03-96DD-A2C993CE045C}.Debug|x86.ActiveCfg = Debug|x86
		{53852C57-3554-4A03-96DD-A2C993CE045C}.Debug|x86.Build.0 = Debug|x86
		{53852C57-3554-4A03-96DD-A2C993CE045C}.Release|Any CPU.ActiveCfg = Release|Any CPU
		{53852C57-3554-4A03-96DD-A2C993CE045C}.Release|Any CPU.Build.0 = Release|Any CPU
		{53852C57-3554-4A03-96DD-A2C993CE045C}.Release|ARM.ActiveCfg = Release|ARM
		{53852C57-3554-4A03-96DD-A2C993CE045C}.Release|ARM.Build.0 = Release|ARM
		{53852C57-3554-4A03-96DD-A2C993CE045C}.Release|TensorFlowSharp.ActiveCfg = Release|Any CPU
		{53852C57-3554-4A03-96DD-A2C993CE045C}.Release|TensorFlowSharp.Build.0 = Release|Any CPU
		{53852C57-3554-4A03-96DD-A2C993CE045C}.Release|x64.ActiveCfg = Release|x64
		{53852C57-3554-4A03-96DD-A2C993CE045C}.Release|x64.Build.0 = Release|x64
		{53852C57-3554-4A03-96DD-A2C993CE045C}.Release|x86.ActiveCfg = Release|x86
		{53852C57-3554-4A03-96DD-A2C993CE045C}.Release|x86.Build.0 = Release|x86
		{D99DC2CB-105E-4E36-B2E9-81B76C209815}.Debug|Any CPU.ActiveCfg = Debug|Any CPU
		{D99DC2CB-105E-4E36-B2E9-81B76C209815}.Debug|Any CPU.Build.0 = Debug|Any CPU
		{D99DC2CB-105E-4E36-B2E9-81B76C209815}.Debug|ARM.ActiveCfg = Debug|Any CPU
		{D99DC2CB-105E-4E36-B2E9-81B76C209815}.Debug|ARM.Build.0 = Debug|Any CPU
		{D99DC2CB-105E-4E36-B2E9-81B76C209815}.Debug|TensorFlowSharp.ActiveCfg = Debug|Any CPU
		{D99DC2CB-105E-4E36-B2E9-81B76C209815}.Debug|TensorFlowSharp.Build.0 = Debug|Any CPU
		{D99DC2CB-105E-4E36-B2E9-81B76C209815}.Debug|x64.ActiveCfg = Debug|Any CPU
		{D99DC2CB-105E-4E36-B2E9-81B76C209815}.Debug|x64.Build.0 = Debug|Any CPU
		{D99DC2CB-105E-4E36-B2E9-81B76C209815}.Debug|x86.ActiveCfg = Debug|Any CPU
		{D99DC2CB-105E-4E36-B2E9-81B76C209815}.Debug|x86.Build.0 = Debug|Any CPU
		{D99DC2CB-105E-4E36-B2E9-81B76C209815}.Release|Any CPU.ActiveCfg = Release|Any CPU
		{D99DC2CB-105E-4E36-B2E9-81B76C209815}.Release|Any CPU.Build.0 = Release|Any CPU
		{D99DC2CB-105E-4E36-B2E9-81B76C209815}.Release|ARM.ActiveCfg = Release|Any CPU
		{D99DC2CB-105E-4E36-B2E9-81B76C209815}.Release|ARM.Build.0 = Release|Any CPU
		{D99DC2CB-105E-4E36-B2E9-81B76C209815}.Release|TensorFlowSharp.ActiveCfg = Release|Any CPU
		{D99DC2CB-105E-4E36-B2E9-81B76C209815}.Release|TensorFlowSharp.Build.0 = Release|Any CPU
		{D99DC2CB-105E-4E36-B2E9-81B76C209815}.Release|x64.ActiveCfg = Release|Any CPU
		{D99DC2CB-105E-4E36-B2E9-81B76C209815}.Release|x64.Build.0 = Release|Any CPU
		{D99DC2CB-105E-4E36-B2E9-81B76C209815}.Release|x86.ActiveCfg = Release|Any CPU
		{D99DC2CB-105E-4E36-B2E9-81B76C209815}.Release|x86.Build.0 = Release|Any CPU
	EndGlobalSection
	GlobalSection(SolutionProperties) = preSolution
		HideSolutionNode = FALSE
	EndGlobalSection
	GlobalSection(NestedProjects) = preSolution
		{20567EDE-7C20-4734-B489-C6D303843105} = {20AF6B79-D9AF-42EB-A953-8E4039824D43}
		{069A6736-7711-4805-8660-A267E713BC54} = {674EC1D7-9649-462E-A7A8-93D0DE84FE64}
		{168FCD67-DF92-4905-A8F3-230856F9628E} = {20AF6B79-D9AF-42EB-A953-8E4039824D43}
		{F710D1C4-0C47-4F51-AA52-C20BFBE49E19} = {20AF6B79-D9AF-42EB-A953-8E4039824D43}
		{69A8153D-4BA4-41DE-BB1E-C9F473FFD185} = {20AF6B79-D9AF-42EB-A953-8E4039824D43}
	EndGlobalSection
	GlobalSection(ExtensibilityGlobals) = postSolution
		SolutionGuid = {FE1F59DA-B4E9-45E1-84DF-47E6D1CE30D0}
	EndGlobalSection
	GlobalSection(MonoDevelopProperties) = preSolution
		Policies = $0
		$0.DotNetNamingPolicy = $1
		$1.DirectoryNamespaceAssociation = PrefixedHierarchical
		$1.ResourceNamePolicy = FileFormatDefault
		$0.TextStylePolicy = $2
		$2.scope = text/x-csharp
		$2.inheritsSet = Mono
		$2.inheritsScope = text/plain
		$0.CSharpFormattingPolicy = $3
		$3.scope = text/x-csharp
		$3.inheritsSet = Mono
		$3.inheritsScope = text/x-csharp
		version = 0.2
	EndGlobalSection
EndGlobal
